
Microsoft Visual Studio Solution File, Format Version 12.00
# Visual Studio Version 16
VisualStudioVersion = 16.0.28803.352
MinimumVisualStudioVersion = 10.0.40219.1
Project("{FAE04EC0-301F-11D3-BF4B-00C04F79EFBC}") = "XMLSplitter", "XMLSplitter\XMLSplitter.csproj", "{D6EF9D68-BD7A-43FC-A0DA-F9958C86E37F}"
EndProject
Global
	GlobalSection(SolutionConfigurationPlatforms) = preSolution
		Debug|Any CPU = Debug|Any CPU
		Release|Any CPU = Release|Any CPU
	EndGlobalSection
	GlobalSection(ProjectConfigurationPlatforms) = postSolution
		{D6EF9D68-BD7A-43FC-A0DA-F9958C86E37F}.Debug|Any CPU.ActiveCfg = Debug|Any CPU
		{D6EF9D68-BD7A-43FC-A0DA-F9958C86E37F}.Debug|Any CPU.Build.0 = Debug|Any CPU
		{D6EF9D68-BD7A-43FC-A0DA-F9958C86E37F}.Release|Any CPU.ActiveCfg = Release|Any CPU
		{D6EF9D68-BD7A-43FC-A0DA-F9958C86E37F}.Release|Any CPU.Build.0 = Release|Any CPU
	EndGlobalSection
	GlobalSection(SolutionProperties) = preSolution
		HideSolutionNode = FALSE
	EndGlobalSection
	GlobalSection(ExtensibilityGlobals) = postSolution
		SolutionGuid = {67E7E5CA-C73E-4D1A-8226-8EC23E8C3DDC}
	EndGlobalSection
EndGlobal
